
Microsoft Visual Studio Solution File, Format Version 12.00
# Visual Studio Version 17
VisualStudioVersion = 17.10.35027.167
MinimumVisualStudioVersion = 10.0.40219.1
Project("{FAE04EC0-301F-11D3-BF4B-00C04F79EFBC}") = "TechAssignmentUWP", "TechAssignmentUWP\TechAssignmentUWP.csproj", "{33B8D184-E16E-4A58-A8F6-727222028598}"
EndProject
Project("{9A19103F-16F7-4668-BE54-9A1E7A4F7556}") = "TechAssignmentUWP.Core", "TechAssignmentUWP.Core\TechAssignmentUWP.Core.csproj", "{8BAEB7FE-0A1C-4AC5-B1F5-D01EB31488BA}"
EndProject
Global
	GlobalSection(SolutionConfigurationPlatforms) = preSolution
		Debug|Any CPU = Debug|Any CPU
		Debug|ARM = Debug|ARM
		Debug|ARM64 = Debug|ARM64
		Debug|x64 = Debug|x64
		Debug|x86 = Debug|x86
		Release|Any CPU = Release|Any CPU
		Release|ARM = Release|ARM
		Release|ARM64 = Release|ARM64
		Release|x64 = Release|x64
		Release|x86 = Release|x86
	EndGlobalSection
	GlobalSection(ProjectConfigurationPlatforms) = postSolution
		{33B8D184-E16E-4A58-A8F6-727222028598}.Debug|Any CPU.ActiveCfg = Debug|x64
		{33B8D184-E16E-4A58-A8F6-727222028598}.Debug|Any CPU.Build.0 = Debug|x64
		{33B8D184-E16E-4A58-A8F6-727222028598}.Debug|Any CPU.Deploy.0 = Debug|x64
		{33B8D184-E16E-4A58-A8F6-727222028598}.Debug|ARM.ActiveCfg = Debug|ARM
		{33B8D184-E16E-4A58-A8F6-727222028598}.Debug|ARM.Build.0 = Debug|ARM
		{33B8D184-E16E-4A58-A8F6-727222028598}.Debug|ARM.Deploy.0 = Debug|ARM
		{33B8D184-E16E-4A58-A8F6-727222028598}.Debug|ARM64.ActiveCfg = Debug|ARM64
		{33B8D184-E16E-4A58-A8F6-727222028598}.Debug|ARM64.Build.0 = Debug|ARM64
		{33B8D184-E16E-4A58-A8F6-727222028598}.Debug|ARM64.Deploy.0 = Debug|ARM64
		{33B8D184-E16E-4A58-A8F6-727222028598}.Debug|x64.ActiveCfg = Debug|x64
		{33B8D184-E16E-4A58-A8F6-727222028598}.Debug|x64.Build.0 = Debug|x64
		{33B8D184-E16E-4A58-A8F6-727222028598}.Debug|x64.Deploy.0 = Debug|x64
		{33B8D184-E16E-4A58-A8F6-727222028598}.Debug|x86.ActiveCfg = Debug|x86
		{33B8D184-E16E-4A58-A8F6-727222028598}.Debug|x86.Build.0 = Debug|x86
		{33B8D184-E16E-4A58-A8F6-727222028598}.Debug|x86.Deploy.0 = Debug|x86
		{33B8D184-E16E-4A58-A8F6-727222028598}.Release|Any CPU.ActiveCfg = Release|x64
		{33B8D184-E16E-4A58-A8F6-727222028598}.Release|Any CPU.Build.0 = Release|x64
		{33B8D184-E16E-4A58-A8F6-727222028598}.Release|Any CPU.Deploy.0 = Release|x64
		{33B8D184-E16E-4A58-A8F6-727222028598}.Release|ARM.ActiveCfg = Release|ARM
		{33B8D184-E16E-4A58-A8F6-727222028598}.Release|ARM.Build.0 = Release|ARM
		{33B8D184-E16E-4A58-A8F6-727222028598}.Release|ARM.Deploy.0 = Release|ARM
		{33B8D184-E16E-4A58-A8F6-727222028598}.Release|ARM64.ActiveCfg = Release|ARM64
		{33B8D184-E16E-4A58-A8F6-727222028598}.Release|ARM64.Build.0 = Release|ARM64
		{33B8D184-E16E-4A58-A8F6-727222028598}.Release|ARM64.Deploy.0 = Release|ARM64
		{33B8D184-E16E-4A58-A8F6-727222028598}.Release|x64.ActiveCfg = Release|x64
		{33B8D184-E16E-4A58-A8F6-727222028598}.Release|x64.Build.0 = Release|x64
		{33B8D184-E16E-4A58-A8F6-727222028598}.Release|x64.Deploy.0 = Release|x64
		{33B8D184-E16E-4A58-A8F6-727222028598}.Release|x86.ActiveCfg = Release|x86
		{33B8D184-E16E-4A58-A8F6-727222028598}.Release|x86.Build.0 = Release|x86
		{33B8D184-E16E-4A58-A8F6-727222028598}.Release|x86.Deploy.0 = Release|x86
		{8BAEB7FE-0A1C-4AC5-B1F5-D01EB31488BA}.Debug|Any CPU.ActiveCfg = Debug|Any CPU
		{8BAEB7FE-0A1C-4AC5-B1F5-D01EB31488BA}.Debug|Any CPU.Build.0 = Debug|Any CPU
		{8BAEB7FE-0A1C-4AC5-B1F5-D01EB31488BA}.Debug|ARM.ActiveCfg = Debug|Any CPU
		{8BAEB7FE-0A1C-4AC5-B1F5-D01EB31488BA}.Debug|ARM.Build.0 = Debug|Any CPU
		{8BAEB7FE-0A1C-4AC5-B1F5-D01EB31488BA}.Debug|ARM64.ActiveCfg = Debug|Any CPU
		{8BAEB7FE-0A1C-4AC5-B1F5-D01EB31488BA}.Debug|ARM64.Build.0 = Debug|Any CPU
		{8BAEB7FE-0A1C-4AC5-B1F5-D01EB31488BA}.Debug|x64.ActiveCfg = Debug|Any CPU
		{8BAEB7FE-0A1C-4AC5-B1F5-D01EB31488BA}.Debug|x64.Build.0 = Debug|Any CPU
		{8BAEB7FE-0A1C-4AC5-B1F5-D01EB31488BA}.Debug|x86.ActiveCfg = Debug|Any CPU
		{8BAEB7FE-0A1C-4AC5-B1F5-D01EB31488BA}.Debug|x86.Build.0 = Debug|Any CPU
		{8BAEB7FE-0A1C-4AC5-B1F5-D01EB31488BA}.Release|Any CPU.ActiveCfg = Release|Any CPU
		{8BAEB7FE-0A1C-4AC5-B1F5-D01EB31488BA}.Release|Any CPU.Build.0 = Release|Any CPU
		{8BAEB7FE-0A1C-4AC5-B1F5-D01EB31488BA}.Release|ARM.ActiveCfg = Release|Any CPU
		{8BAEB7FE-0A1C-4AC5-B1F5-D01EB31488BA}.Release|ARM.Build.0 = Release|Any CPU
		{8BAEB7FE-0A1C-4AC5-B1F5-D01EB31488BA}.Release|ARM64.ActiveCfg = Release|Any CPU
		{8BAEB7FE-0A1C-4AC5-B1F5-D01EB31488BA}.Release|ARM64.Build.0 = Release|Any CPU
		{8BAEB7FE-0A1C-4AC5-B1F5-D01EB31488BA}.Release|x64.ActiveCfg = Release|Any CPU
		{8BAEB7FE-0A1C-4AC5-B1F5-D01EB31488BA}.Release|x64.Build.0 = Release|Any CPU
		{8BAEB7FE-0A1C-4AC5-B1F5-D01EB31488BA}.Release|x86.ActiveCfg = Release|Any CPU
		{8BAEB7FE-0A1C-4AC5-B1F5-D01EB31488BA}.Release|x86.Build.0 = Release|Any CPU
	EndGlobalSection
	GlobalSection(SolutionProperties) = preSolution
		HideSolutionNode = FALSE
	EndGlobalSection
	GlobalSection(ExtensibilityGlobals) = postSolution
		SolutionGuid = {54EC96D3-7C38-4A19-8F8F-87E83BEB8E3C}
	EndGlobalSection
EndGlobal
